
Microsoft Visual Studio Solution File, Format Version 12.00
# Visual Studio Version 16
VisualStudioVersion = 16.0.29326.143
MinimumVisualStudioVersion = 10.0.40219.1
Project("{9A19103F-16F7-4668-BE54-9A1E7A4F7556}") = "Audis.Primitives", "Audis.Primitives\Audis.Primitives.csproj", "{99BF8FB4-BB44-43E9-9128-29077EB4DDFA}"
EndProject
Project("{9A19103F-16F7-4668-BE54-9A1E7A4F7556}") = "Audis.Dtos", "Audis.Dtos\Audis.Dtos.csproj", "{368E1E89-2967-4937-A71F-051B0BA7B5B7}"
EndProject
Project("{9A19103F-16F7-4668-BE54-9A1E7A4F7556}") = "Audis.Analyzer.Common", "Audis.Analyzer.Common\Audis.Analyzer.Common.csproj", "{5084F3BF-75CD-45BE-ABEA-F10D1AB41A47}"
EndProject
Global
	GlobalSection(SolutionConfigurationPlatforms) = preSolution
		Debug|Any CPU = Debug|Any CPU
		Release|Any CPU = Release|Any CPU
	EndGlobalSection
	GlobalSection(ProjectConfigurationPlatforms) = postSolution
		{99BF8FB4-BB44-43E9-9128-29077EB4DDFA}.Debug|Any CPU.ActiveCfg = Debug|Any CPU
		{99BF8FB4-BB44-43E9-9128-29077EB4DDFA}.Debug|Any CPU.Build.0 = Debug|Any CPU
		{99BF8FB4-BB44-43E9-9128-29077EB4DDFA}.Release|Any CPU.ActiveCfg = Release|Any CPU
		{99BF8FB4-BB44-43E9-9128-29077EB4DDFA}.Release|Any CPU.Build.0 = Release|Any CPU
		{368E1E89-2967-4937-A71F-051B0BA7B5B7}.Debug|Any CPU.ActiveCfg = Debug|Any CPU
		{368E1E89-2967-4937-A71F-051B0BA7B5B7}.Debug|Any CPU.Build.0 = Debug|Any CPU
		{368E1E89-2967-4937-A71F-051B0BA7B5B7}.Release|Any CPU.ActiveCfg = Release|Any CPU
		{368E1E89-2967-4937-A71F-051B0BA7B5B7}.Release|Any CPU.Build.0 = Release|Any CPU
		{5084F3BF-75CD-45BE-ABEA-F10D1AB41A47}.Debug|Any CPU.ActiveCfg = Debug|Any CPU
		{5084F3BF-75CD-45BE-ABEA-F10D1AB41A47}.Debug|Any CPU.Build.0 = Debug|Any CPU
		{5084F3BF-75CD-45BE-ABEA-F10D1AB41A47}.Release|Any CPU.ActiveCfg = Release|Any CPU
		{5084F3BF-75CD-45BE-ABEA-F10D1AB41A47}.Release|Any CPU.Build.0 = Release|Any CPU
	EndGlobalSection
	GlobalSection(SolutionProperties) = preSolution
		HideSolutionNode = FALSE
	EndGlobalSection
	GlobalSection(ExtensibilityGlobals) = postSolution
		SolutionGuid = {5FBAEE27-6F15-4C2C-9145-A97E77B5FBBD}
	EndGlobalSection
EndGlobal
